
Microsoft Visual Studio Solution File, Format Version 12.00
# Visual Studio 15
VisualStudioVersion = 15.0.28307.1340
MinimumVisualStudioVersion = 10.0.40219.1
Project("{FAE04EC0-301F-11D3-BF4B-00C04F79EFBC}") = "TechHW5", "TechHW5\TechHW5.csproj", "{AC29E317-08F9-4BBC-B61E-25E5DF8E168A}"
EndProject
Global
	GlobalSection(SolutionConfigurationPlatforms) = preSolution
		Debug|Any CPU = Debug|Any CPU
		Release|Any CPU = Release|Any CPU
	EndGlobalSection
	GlobalSection(ProjectConfigurationPlatforms) = postSolution
		{AC29E317-08F9-4BBC-B61E-25E5DF8E168A}.Debug|Any CPU.ActiveCfg = Debug|Any CPU
		{AC29E317-08F9-4BBC-B61E-25E5DF8E168A}.Debug|Any CPU.Build.0 = Debug|Any CPU
		{AC29E317-08F9-4BBC-B61E-25E5DF8E168A}.Release|Any CPU.ActiveCfg = Release|Any CPU
		{AC29E317-08F9-4BBC-B61E-25E5DF8E168A}.Release|Any CPU.Build.0 = Release|Any CPU
	EndGlobalSection
	GlobalSection(SolutionProperties) = preSolution
		HideSolutionNode = FALSE
	EndGlobalSection
	GlobalSection(ExtensibilityGlobals) = postSolution
		SolutionGuid = {3CEDDAFA-C533-4D08-A664-A539BDAACAA6}
	EndGlobalSection
EndGlobal
